
Microsoft Visual Studio Solution File, Format Version 12.00
# Visual Studio Version 16
VisualStudioVersion = 16.0.31313.79
MinimumVisualStudioVersion = 10.0.40219.1
Project("{FAE04EC0-301F-11D3-BF4B-00C04F79EFBC}") = "PIMS", "PIMS\PIMS.csproj", "{DEC38C12-DD13-42EE-8E27-CB3DAF3CA456}"
EndProject
Global
	GlobalSection(SolutionConfigurationPlatforms) = preSolution
		Debug|Any CPU = Debug|Any CPU
		Release|Any CPU = Release|Any CPU
	EndGlobalSection
	GlobalSection(ProjectConfigurationPlatforms) = postSolution
		{DEC38C12-DD13-42EE-8E27-CB3DAF3CA456}.Debug|Any CPU.ActiveCfg = Debug|Any CPU
		{DEC38C12-DD13-42EE-8E27-CB3DAF3CA456}.Debug|Any CPU.Build.0 = Debug|Any CPU
		{DEC38C12-DD13-42EE-8E27-CB3DAF3CA456}.Release|Any CPU.ActiveCfg = Release|Any CPU
		{DEC38C12-DD13-42EE-8E27-CB3DAF3CA456}.Release|Any CPU.Build.0 = Release|Any CPU
	EndGlobalSection
	GlobalSection(SolutionProperties) = preSolution
		HideSolutionNode = FALSE
	EndGlobalSection
	GlobalSection(ExtensibilityGlobals) = postSolution
		SolutionGuid = {1F29FE35-D45D-4336-B54B-02ED3C77193E}
	EndGlobalSection
EndGlobal
